
Microsoft Visual Studio Solution File, Format Version 12.00
# Visual Studio Version 17
VisualStudioVersion = 17.14.36616.10 d17.14
MinimumVisualStudioVersion = 10.0.40219.1
Project("{FAE04EC0-301F-11D3-BF4B-00C04F79EFBC}") = "Employee-problem", "Employee-problem.csproj", "{DE398464-E69D-47FF-A90D-3B9D26ABDBA8}"
EndProject
Global
	GlobalSection(SolutionConfigurationPlatforms) = preSolution
		Debug|Any CPU = Debug|Any CPU
		Release|Any CPU = Release|Any CPU
	EndGlobalSection
	GlobalSection(ProjectConfigurationPlatforms) = postSolution
		{DE398464-E69D-47FF-A90D-3B9D26ABDBA8}.Debug|Any CPU.ActiveCfg = Debug|Any CPU
		{DE398464-E69D-47FF-A90D-3B9D26ABDBA8}.Debug|Any CPU.Build.0 = Debug|Any CPU
		{DE398464-E69D-47FF-A90D-3B9D26ABDBA8}.Release|Any CPU.ActiveCfg = Release|Any CPU
		{DE398464-E69D-47FF-A90D-3B9D26ABDBA8}.Release|Any CPU.Build.0 = Release|Any CPU
	EndGlobalSection
	GlobalSection(SolutionProperties) = preSolution
		HideSolutionNode = FALSE
	EndGlobalSection
	GlobalSection(ExtensibilityGlobals) = postSolution
		SolutionGuid = {4263E6E3-DE45-41D5-8198-C23BFEC4EACC}
	EndGlobalSection
EndGlobal
